
Microsoft Visual Studio Solution File, Format Version 11.00
# Visual Studio 2010
Project("{FAE04EC0-301F-11D3-BF4B-00C04F79EFBC}") = "Assembly-CSharp", "Assembly-CSharp.csproj", "{828AE268-9F36-D616-82FD-89E21BFCDA9E}"
EndProject
Project("{FAE04EC0-301F-11D3-BF4B-00C04F79EFBC}") = "Assembly-CSharp-Editor", "Assembly-CSharp-Editor.csproj", "{204ACE89-14BF-DF54-5CBC-CED0700D4024}"
EndProject
Global
	GlobalSection(SolutionConfigurationPlatforms) = preSolution
		Debug|Any CPU = Debug|Any CPU
		Release|Any CPU = Release|Any CPU
	EndGlobalSection
	GlobalSection(ProjectConfigurationPlatforms) = postSolution
		{828AE268-9F36-D616-82FD-89E21BFCDA9E}.Debug|Any CPU.ActiveCfg = Debug|Any CPU
		{828AE268-9F36-D616-82FD-89E21BFCDA9E}.Debug|Any CPU.Build.0 = Debug|Any CPU
		{828AE268-9F36-D616-82FD-89E21BFCDA9E}.Release|Any CPU.ActiveCfg = Release|Any CPU
		{828AE268-9F36-D616-82FD-89E21BFCDA9E}.Release|Any CPU.Build.0 = Release|Any CPU
		{204ACE89-14BF-DF54-5CBC-CED0700D4024}.Debug|Any CPU.ActiveCfg = Debug|Any CPU
		{204ACE89-14BF-DF54-5CBC-CED0700D4024}.Debug|Any CPU.Build.0 = Debug|Any CPU
		{204ACE89-14BF-DF54-5CBC-CED0700D4024}.Release|Any CPU.ActiveCfg = Release|Any CPU
		{204ACE89-14BF-DF54-5CBC-CED0700D4024}.Release|Any CPU.Build.0 = Release|Any CPU
	EndGlobalSection
	GlobalSection(SolutionProperties) = preSolution
		HideSolutionNode = FALSE
	EndGlobalSection
	GlobalSection(MonoDevelopProperties) = preSolution
		StartupItem = Assembly-CSharp.csproj
	EndGlobalSection
EndGlobal
